// !$*UTF8*$!
{
	archiveVersion = 1;
	classes = {
	};
	objectVersion = 74;
	objects = {

/* Begin PBXContainerItemProxy section */
		28EE87EF2C6A9F450084B187 /* PBXContainerItemProxy */ = {
			isa = PBXContainerItemProxy;
			containerPortal = 28EE87D02C6A9F440084B187 /* Project object */;
			proxyType = 1;
			remoteGlobalIDString = 28EE87D72C6A9F440084B187;
			remoteInfo = video_player;
		};
		28EE87F92C6A9F450084B187 /* PBXContainerItemProxy */ = {
			isa = PBXContainerItemProxy;
			containerPortal = 28EE87D02C6A9F440084B187 /* Project object */;
			proxyType = 1;
			remoteGlobalIDString = 28EE87D72C6A9F440084B187;
			remoteInfo = video_player;
		};
/* End PBXContainerItemProxy section */

/* Begin PBXFileReference section */
		28EE87D82C6A9F440084B187 /* video_player.app */ = {isa = PBXFileReference; explicitFileType = wrapper.application; includeInIndex = 0; path = video_player.app; sourceTree = BUILT_PRODUCTS_DIR; };
		28EE87EE2C6A9F450084B187 /* video_playerTests.xctest */ = {isa = PBXFileReference; explicitFileType = wrapper.cfbundle; includeInIndex = 0; path = video_playerTests.xctest; sourceTree = BUILT_PRODUCTS_DIR; };
		28EE87F82C6A9F450084B187 /* video_playerUITests.xctest */ = {isa = PBXFileReference; explicitFileType = wrapper.cfbundle; includeInIndex = 0; path = video_playerUITests.xctest; sourceTree = BUILT_PRODUCTS_DIR; };
/* End PBXFileReference section */

/* Begin PBXFileSystemSynchronizedBuildFileExceptionSet section */
		28EE88002C6A9F450084B187 /* PBXFileSystemSynchronizedBuildFileExceptionSet */ = {
			isa = PBXFileSystemSynchronizedBuildFileExceptionSet;
			membershipExceptions = (
				/Localized/LaunchScreen.storyboard,
				/Localized/Main.storyboard,
				Info.plist,
			);
			target = 28EE87D72C6A9F440084B187 /* video_player */;
		};
/* End PBXFileSystemSynchronizedBuildFileExceptionSet section */

/* Begin PBXFileSystemSynchronizedGroupBuildPhaseMembershipExceptionSet section */
		28EE88042C6A9F450084B187 /* PBXFileSystemSynchronizedGroupBuildPhaseMembershipExceptionSet */ = {
			isa = PBXFileSystemSynchronizedGroupBuildPhaseMembershipExceptionSet;
			buildPhase = 28EE87D62C6A9F440084B187 /* Resources */;
			membershipExceptions = (
				Base.lproj/LaunchScreen.storyboard,
				Base.lproj/Main.storyboard,
			);
		};
/* End PBXFileSystemSynchronizedGroupBuildPhaseMembershipExceptionSet section */

/* Begin PBXFileSystemSynchronizedRootGroup section */
		28EE87DA2C6A9F440084B187 /* video_player */ = {isa = PBXFileSystemSynchronizedRootGroup; exceptions = (28EE88002C6A9F450084B187 /* PBXFileSystemSynchronizedBuildFileExceptionSet */, 28EE88042C6A9F450084B187 /* PBXFileSystemSynchronizedGroupBuildPhaseMembershipExceptionSet */, ); explicitFileTypes = {}; explicitFolders = (); path = video_player; sourceTree = "<group>"; };
		28EE87F12C6A9F450084B187 /* video_playerTests */ = {isa = PBXFileSystemSynchronizedRootGroup; explicitFileTypes = {}; explicitFolders = (); path = video_playerTests; sourceTree = "<group>"; };
		28EE87FB2C6A9F450084B187 /* video_playerUITests */ = {isa = PBXFileSystemSynchronizedRootGroup; explicitFileTypes = {}; explicitFolders = (); path = video_playerUITests; sourceTree = "<group>"; };
/* End PBXFileSystemSynchronizedRootGroup section */

/* Begin PBXFrameworksBuildPhase section */
		28EE87D52C6A9F440084B187 /* Frameworks */ = {
			isa = PBXFrameworksBuildPhase;
			buildActionMask = 2147483647;
			files = (
			);
			runOnlyForDeploymentPostprocessing = 0;
		};
		28EE87EB2C6A9F450084B187 /* Frameworks */ = {
			isa = PBXFrameworksBuildPhase;
			buildActionMask = 2147483647;
			files = (
			);
			runOnlyForDeploymentPostprocessing = 0;
		};
		28EE87F52C6A9F450084B187 /* Frameworks */ = {
			isa = PBXFrameworksBuildPhase;
			buildActionMask = 2147483647;
			files = (
			);
			runOnlyForDeploymentPostprocessing = 0;
		};
/* End PBXFrameworksBuildPhase section */

/* Begin PBXGroup section */
		28EE87CF2C6A9F440084B187 = {
			isa = PBXGroup;
			children = (
				28EE87DA2C6A9F440084B187 /* video_player */,
				28EE87F12C6A9F450084B187 /* video_playerTests */,
				28EE87FB2C6A9F450084B187 /* video_playerUITests */,
				28EE87D92C6A9F440084B187 /* Products */,
			);
			sourceTree = "<group>";
		};
		28EE87D92C6A9F440084B187 /* Products */ = {
			isa = PBXGroup;
			children = (
				28EE87D82C6A9F440084B187 /* video_player.app */,
				28EE87EE2C6A9F450084B187 /* video_playerTests.xctest */,
				28EE87F82C6A9F450084B187 /* video_playerUITests.xctest */,
			);
			name = Products;
			sourceTree = "<group>";
		};
/* End PBXGroup section */

/* Begin PBXNativeTarget section */
		28EE87D72C6A9F440084B187 /* video_player */ = {
			isa = PBXNativeTarget;
			buildConfigurationList = 28EE88012C6A9F450084B187 /* Build configuration list for PBXNativeTarget "video_player" */;
			buildPhases = (
				28EE87D42C6A9F440084B187 /* Sources */,
				28EE87D52C6A9F440084B187 /* Frameworks */,
				28EE87D62C6A9F440084B187 /* Resources */,
			);
			buildRules = (
			);
			dependencies = (
			);
			fileSystemSynchronizedGroups = (
				28EE87DA2C6A9F440084B187 /* video_player */,
			);
			name = video_player;
			packageProductDependencies = (
			);
			productName = video_player;
			productReference = 28EE87D82C6A9F440084B187 /* video_player.app */;
			productType = "com.apple.product-type.application";
		};
		28EE87ED2C6A9F450084B187 /* video_playerTests */ = {
			isa = PBXNativeTarget;
			buildConfigurationList = 28EE88072C6A9F450084B187 /* Build configuration list for PBXNativeTarget "video_playerTests" */;
			buildPhases = (
				28EE87EA2C6A9F450084B187 /* Sources */,
				28EE87EB2C6A9F450084B187 /* Frameworks */,
				28EE87EC2C6A9F450084B187 /* Resources */,
			);
			buildRules = (
			);
			dependencies = (
				28EE87F02C6A9F450084B187 /* PBXTargetDependency */,
			);
			fileSystemSynchronizedGroups = (
				28EE87F12C6A9F450084B187 /* video_playerTests */,
			);
			name = video_playerTests;
			packageProductDependencies = (
			);
			productName = video_playerTests;
			productReference = 28EE87EE2C6A9F450084B187 /* video_playerTests.xctest */;
			productType = "com.apple.product-type.bundle.unit-test";
		};
		28EE87F72C6A9F450084B187 /* video_playerUITests */ = {
			isa = PBXNativeTarget;
			buildConfigurationList = 28EE880A2C6A9F450084B187 /* Build configuration list for PBXNativeTarget "video_playerUITests" */;
			buildPhases = (
				28EE87F42C6A9F450084B187 /* Sources */,
				28EE87F52C6A9F450084B187 /* Frameworks */,
				28EE87F62C6A9F450084B187 /* Resources */,
			);
			buildRules = (
			);
			dependencies = (
				28EE87FA2C6A9F450084B187 /* PBXTargetDependency */,
			);
			fileSystemSynchronizedGroups = (
				28EE87FB2C6A9F450084B187 /* video_playerUITests */,
			);
			name = video_playerUITests;
			packageProductDependencies = (
			);
			productName = video_playerUITests;
			productReference = 28EE87F82C6A9F450084B187 /* video_playerUITests.xctest */;
			productType = "com.apple.product-type.bundle.ui-testing";
		};
/* End PBXNativeTarget section */

/* Begin PBXProject section */
		28EE87D02C6A9F440084B187 /* Project object */ = {
			isa = PBXProject;
			attributes = {
				BuildIndependentTargetsInParallel = 1;
				LastSwiftUpdateCheck = 1600;
				LastUpgradeCheck = 1600;
				TargetAttributes = {
					28EE87D72C6A9F440084B187 = {
						CreatedOnToolsVersion = 16.0;
					};
					28EE87ED2C6A9F450084B187 = {
						CreatedOnToolsVersion = 16.0;
						TestTargetID = 28EE87D72C6A9F440084B187;
					};
					28EE87F72C6A9F450084B187 = {
						CreatedOnToolsVersion = 16.0;
						TestTargetID = 28EE87D72C6A9F440084B187;
					};
				};
			};
			buildConfigurationList = 28EE87D32C6A9F440084B187 /* Build configuration list for PBXProject "video_player" */;
			developmentRegion = en;
			hasScannedForEncodings = 0;
			knownRegions = (
				en,
				Base,
			);
			mainGroup = 28EE87CF2C6A9F440084B187;
			preferredProjectObjectVersion = 60;
			productRefGroup = 28EE87D92C6A9F440084B187 /* Products */;
			projectDirPath = "";
			projectRoot = "";
			targets = (
				28EE87D72C6A9F440084B187 /* video_player */,
				28EE87ED2C6A9F450084B187 /* video_playerTests */,
				28EE87F72C6A9F450084B187 /* video_playerUITests */,
			);
		};
/* End PBXProject section */

/* Begin PBXResourcesBuildPhase section */
		28EE87D62C6A9F440084B187 /* Resources */ = {
			isa = PBXResourcesBuildPhase;
			buildActionMask = 2147483647;
			files = (
			);
			runOnlyForDeploymentPostprocessing = 0;
		};
		28EE87EC2C6A9F450084B187 /* Resources */ = {
			isa = PBXResourcesBuildPhase;
			buildActionMask = 2147483647;
			files = (
			);
			runOnlyForDeploymentPostprocessing = 0;
		};
		28EE87F62C6A9F450084B187 /* Resources */ = {
			isa = PBXResourcesBuildPhase;
			buildActionMask = 2147483647;
			files = (
			);
			runOnlyForDeploymentPostprocessing = 0;
		};
/* End PBXResourcesBuildPhase section */

/* Begin PBXSourcesBuildPhase section */
		28EE87D42C6A9F440084B187 /* Sources */ = {
			isa = PBXSourcesBuildPhase;
			buildActionMask = 2147483647;
			files = (
			);
			runOnlyForDeploymentPostprocessing = 0;
		};
		28EE87EA2C6A9F450084B187 /* Sources */ = {
			isa = PBXSourcesBuildPhase;
			buildActionMask = 2147483647;
			files = (
			);
			runOnlyForDeploymentPostprocessing = 0;
		};
		28EE87F42C6A9F450084B187 /* Sources */ = {
			isa = PBXSourcesBuildPhase;
			buildActionMask = 2147483647;
			files = (
			);
			runOnlyForDeploymentPostprocessing = 0;
		};
/* End PBXSourcesBuildPhase section */

/* Begin PBXTargetDependency section */
		28EE87F02C6A9F450084B187 /* PBXTargetDependency */ = {
			isa = PBXTargetDependency;
			target = 28EE87D72C6A9F440084B187 /* video_player */;
			targetProxy = 28EE87EF2C6A9F450084B187 /* PBXContainerItemProxy */;
		};
		28EE87FA2C6A9F450084B187 /* PBXTargetDependency */ = {
			isa = PBXTargetDependency;
			target = 28EE87D72C6A9F440084B187 /* video_player */;
			targetProxy = 28EE87F92C6A9F450084B187 /* PBXContainerItemProxy */;
		};
/* End PBXTargetDependency section */

/* Begin XCBuildConfiguration section */
		28EE88022C6A9F450084B187 /* Debug */ = {
			isa = XCBuildConfiguration;
			buildSettings = {
				ASSETCATALOG_COMPILER_APPICON_NAME = AppIcon;
				ASSETCATALOG_COMPILER_GLOBAL_ACCENT_COLOR_NAME = AccentColor;
				CODE_SIGN_STYLE = Automatic;
				CURRENT_PROJECT_VERSION = 1;
				GENERATE_INFOPLIST_FILE = YES;
				INFOPLIST_FILE = video_player/Info.plist;
				INFOPLIST_KEY_UIApplicationSupportsIndirectInputEvents = YES;
				INFOPLIST_KEY_UILaunchStoryboardName = LaunchScreen;
				INFOPLIST_KEY_UIMainStoryboardFile = Main;
				INFOPLIST_KEY_UISupportedInterfaceOrientations_iPad = "UIInterfaceOrientationPortrait UIInterfaceOrientationPortraitUpsideDown UIInterfaceOrientationLandscapeLeft UIInterfaceOrientationLandscapeRight";
				INFOPLIST_KEY_UISupportedInterfaceOrientations_iPhone = "UIInterfaceOrientationPortrait UIInterfaceOrientationLandscapeLeft UIInterfaceOrientationLandscapeRight";
				IPHONEOS_DEPLOYMENT_TARGET = 18.0;
				LD_RUNPATH_SEARCH_PATHS = (
					"$(inherited)",
					"@executable_path/Frameworks",
				);
				MARKETING_VERSION = 1.0;
				PRODUCT_BUNDLE_IDENTIFIER = "coursera.video-player";
				PRODUCT_NAME = "$(TARGET_NAME)";
				SWIFT_EMIT_LOC_STRINGS = YES;
				SWIFT_VERSION = 5.0;
				TARGETED_DEVICE_FAMILY = "1,2";
			};
			name = Debug;
		};
		28EE88032C6A9F450084B187 /* Release */ = {
			isa = XCBuildConfiguration;
			buildSettings = {
				ASSETCATALOG_COMPILER_APPICON_NAME = AppIcon;
				ASSETCATALOG_COMPILER_GLOBAL_ACCENT_COLOR_NAME = AccentColor;
				CODE_SIGN_STYLE = Automatic;
				CURRENT_PROJECT_VERSION = 1;
				GENERATE_INFOPLIST_FILE = YES;
				INFOPLIST_FILE = video_player/Info.plist;
				INFOPLIST_KEY_UIApplicationSupportsIndirectInputEvents = YES;
				INFOPLIST_KEY_UILaunchStoryboardName = LaunchScreen;
				INFOPLIST_KEY_UIMainStoryboardFile = Main;
				INFOPLIST_KEY_UISupportedInterfaceOrientations_iPad = "UIInterfaceOrientationPortrait UIInterfaceOrientationPortraitUpsideDown UIInterfaceOrientationLandscapeLeft UIInterfaceOrientationLandscapeRight";
				INFOPLIST_KEY_UISupportedInterfaceOrientations_iPhone = "UIInterfaceOrientationPortrait UIInterfaceOrientationLandscapeLeft UIInterfaceOrientationLandscapeRight";
				IPHONEOS_DEPLOYMENT_TARGET = 18.0;
				LD_RUNPATH_SEARCH_PATHS = (
					"$(inherited)",
					"@executable_path/Frameworks",
				);
				MARKETING_VERSION = 1.0;
				PRODUCT_BUNDLE_IDENTIFIER = "coursera.video-player";
				PRODUCT_NAME = "$(TARGET_NAME)";
				SWIFT_EMIT_LOC_STRINGS = YES;
				SWIFT_VERSION = 5.0;
				TARGETED_DEVICE_FAMILY = "1,2";
			};
			name = Release;
		};
		28EE88052C6A9F450084B187 /* Debug */ = {
			isa = XCBuildConfiguration;
			buildSettings = {
				ALWAYS_SEARCH_USER_PATHS = NO;
				ASSETCATALOG_COMPILER_GENERATE_SWIFT_ASSET_SYMBOL_EXTENSIONS = YES;
				CLANG_ANALYZER_NONNULL = YES;
				CLANG_ANALYZER_NUMBER_OBJECT_CONVERSION = YES_AGGRESSIVE;
				CLANG_CXX_LANGUAGE_STANDARD = "gnu++20";
				CLANG_ENABLE_MODULES = YES;
				CLANG_ENABLE_OBJC_ARC = YES;
				CLANG_ENABLE_OBJC_WEAK = YES;
				CLANG_WARN_BLOCK_CAPTURE_AUTORELEASING = YES;
				CLANG_WARN_BOOL_CONVERSION = YES;
				CLANG_WARN_COMMA = YES;
				CLANG_WARN_CONSTANT_CONVERSION = YES;
				CLANG_WARN_DEPRECATED_OBJC_IMPLEMENTATIONS = YES;
				CLANG_WARN_DIRECT_OBJC_ISA_USAGE = YES_ERROR;
				CLANG_WARN_DOCUMENTATION_COMMENTS = YES;
				CLANG_WARN_EMPTY_BODY = YES;
				CLANG_WARN_ENUM_CONVERSION = YES;
				CLANG_WARN_INFINITE_RECURSION = YES;
				CLANG_WARN_INT_CONVERSION = YES;
				CLANG_WARN_NON_LITERAL_NULL_CONVERSION = YES;
				CLANG_WARN_OBJC_IMPLICIT_RETAIN_SELF = YES;
				CLANG_WARN_OBJC_LITERAL_CONVERSION = YES;
				CLANG_WARN_OBJC_ROOT_CLASS = YES_ERROR;
				CLANG_WARN_QUOTED_INCLUDE_IN_FRAMEWORK_HEADER = YES;
				CLANG_WARN_RANGE_LOOP_ANALYSIS = YES;
				CLANG_WARN_STRICT_PROTOTYPES = YES;
				CLANG_WARN_SUSPICIOUS_MOVE = YES;
				CLANG_WARN_UNGUARDED_AVAILABILITY = YES_AGGRESSIVE;
				CLANG_WARN_UNREACHABLE_CODE = YES;
				CLANG_WARN__DUPLICATE_METHOD_MATCH = YES;
				COPY_PHASE_STRIP = NO;
				DEBUG_INFORMATION_FORMAT = dwarf;
				ENABLE_STRICT_OBJC_MSGSEND = YES;
				ENABLE_TESTABILITY = YES;
				ENABLE_USER_SCRIPT_SANDBOXING = YES;
				GCC_C_LANGUAGE_STANDARD = gnu17;
				GCC_DYNAMIC_NO_PIC = NO;
				GCC_NO_COMMON_BLOCKS = YES;
				GCC_OPTIMIZATION_LEVEL = 0;
				GCC_PREPROCESSOR_DEFINITIONS = (
					"DEBUG=1",
					"$(inherited)",
				);
				GCC_WARN_64_TO_32_BIT_CONVERSION = YES;
				GCC_WARN_ABOUT_RETURN_TYPE = YES_ERROR;
				GCC_WARN_UNDECLARED_SELECTOR = YES;
				GCC_WARN_UNINITIALIZED_AUTOS = YES_AGGRESSIVE;
				GCC_WARN_UNUSED_FUNCTION = YES;
				GCC_WARN_UNUSED_VARIABLE = YES;
				IPHONEOS_DEPLOYMENT_TARGET = 18.0;
				LOCALIZATION_PREFERS_STRING_CATALOGS = YES;
				MTL_ENABLE_DEBUG_INFO = INCLUDE_SOURCE;
				MTL_FAST_MATH = YES;
				ONLY_ACTIVE_ARCH = YES;
				SDKROOT = iphoneos;
				SWIFT_ACTIVE_COMPILATION_CONDITIONS = "DEBUG $(inherited)";
				SWIFT_OPTIMIZATION_LEVEL = "-Onone";
			};
			name = Debug;
		};
		28EE88062C6A9F450084B187 /* Release */ = {
			isa = XCBuildConfiguration;
			buildSettings = {
				ALWAYS_SEARCH_USER_PATHS = NO;
				ASSETCATALOG_COMPILER_GENERATE_SWIFT_ASSET_SYMBOL_EXTENSIONS = YES;
				CLANG_ANALYZER_NONNULL = YES;
				CLANG_ANALYZER_NUMBER_OBJECT_CONVERSION = YES_AGGRESSIVE;
				CLANG_CXX_LANGUAGE_STANDARD = "gnu++20";
				CLANG_ENABLE_MODULES = YES;
				CLANG_ENABLE_OBJC_ARC = YES;
				CLANG_ENABLE_OBJC_WEAK = YES;
				CLANG_WARN_BLOCK_CAPTURE_AUTORELEASING = YES;
				CLANG_WARN_BOOL_CONVERSION = YES;
				CLANG_WARN_COMMA = YES;
				CLANG_WARN_CONSTANT_CONVERSION = YES;
				CLANG_WARN_DEPRECATED_OBJC_IMPLEMENTATIONS = YES;
				CLANG_WARN_DIRECT_OBJC_ISA_USAGE = YES_ERROR;
				CLANG_WARN_DOCUMENTATION_COMMENTS = YES;
				CLANG_WARN_EMPTY_BODY = YES;
				CLANG_WARN_ENUM_CONVERSION = YES;
				CLANG_WARN_INFINITE_RECURSION = YES;
				CLANG_WARN_INT_CONVERSION = YES;
				CLANG_WARN_NON_LITERAL_NULL_CONVERSION = YES;
				CLANG_WARN_OBJC_IMPLICIT_RETAIN_SELF = YES;
				CLANG_WARN_OBJC_LITERAL_CONVERSION = YES;
				CLANG_WARN_OBJC_ROOT_CLASS = YES_ERROR;
				CLANG_WARN_QUOTED_INCLUDE_IN_FRAMEWORK_HEADER = YES;
				CLANG_WARN_RANGE_LOOP_ANALYSIS = YES;
				CLANG_WARN_STRICT_PROTOTYPES = YES;
				CLANG_WARN_SUSPICIOUS_MOVE = YES;
				CLANG_WARN_UNGUARDED_AVAILABILITY = YES_AGGRESSIVE;
				CLANG_WARN_UNREACHABLE_CODE = YES;
				CLANG_WARN__DUPLICATE_METHOD_MATCH = YES;
				COPY_PHASE_STRIP = NO;
				DEBUG_INFORMATION_FORMAT = "dwarf-with-dsym";
				ENABLE_NS_ASSERTIONS = NO;
				ENABLE_STRICT_OBJC_MSGSEND = YES;
				ENABLE_USER_SCRIPT_SANDBOXING = YES;
				GCC_C_LANGUAGE_STANDARD = gnu17;
				GCC_NO_COMMON_BLOCKS = YES;
				GCC_WARN_64_TO_32_BIT_CONVERSION = YES;
				GCC_WARN_ABOUT_RETURN_TYPE = YES_ERROR;
				GCC_WARN_UNDECLARED_SELECTOR = YES;
				GCC_WARN_UNINITIALIZED_AUTOS = YES_AGGRESSIVE;
				GCC_WARN_UNUSED_FUNCTION = YES;
				GCC_WARN_UNUSED_VARIABLE = YES;
				IPHONEOS_DEPLOYMENT_TARGET = 18.0;
				LOCALIZATION_PREFERS_STRING_CATALOGS = YES;
				MTL_ENABLE_DEBUG_INFO = NO;
				MTL_FAST_MATH = YES;
				SDKROOT = iphoneos;
				SWIFT_COMPILATION_MODE = wholemodule;
				VALIDATE_PRODUCT = YES;
			};
			name = Release;
		};
		28EE88082C6A9F450084B187 /* Debug */ = {
			isa = XCBuildConfiguration;
			buildSettings = {
				BUNDLE_LOADER = "$(TEST_HOST)";
				CODE_SIGN_STYLE = Automatic;
				CURRENT_PROJECT_VERSION = 1;
				GENERATE_INFOPLIST_FILE = YES;
				IPHONEOS_DEPLOYMENT_TARGET = 18.0;
				MARKETING_VERSION = 1.0;
				PRODUCT_BUNDLE_IDENTIFIER = "coursera.video-playerTests";
				PRODUCT_NAME = "$(TARGET_NAME)";
				SWIFT_EMIT_LOC_STRINGS = NO;
				SWIFT_VERSION = 5.0;
				TARGETED_DEVICE_FAMILY = "1,2";
				TEST_HOST = "$(BUILT_PRODUCTS_DIR)/video_player.app/$(BUNDLE_EXECUTABLE_FOLDER_PATH)/video_player";
			};
			name = Debug;
		};
		28EE88092C6A9F450084B187 /* Release */ = {
			isa = XCBuildConfiguration;
			buildSettings = {
				BUNDLE_LOADER = "$(TEST_HOST)";
				CODE_SIGN_STYLE = Automatic;
				CURRENT_PROJECT_VERSION = 1;
				GENERATE_INFOPLIST_FILE = YES;
				IPHONEOS_DEPLOYMENT_TARGET = 18.0;
				MARKETING_VERSION = 1.0;
				PRODUCT_BUNDLE_IDENTIFIER = "coursera.video-playerTests";
				PRODUCT_NAME = "$(TARGET_NAME)";
				SWIFT_EMIT_LOC_STRINGS = NO;
				SWIFT_VERSION = 5.0;
				TARGETED_DEVICE_FAMILY = "1,2";
				TEST_HOST = "$(BUILT_PRODUCTS_DIR)/video_player.app/$(BUNDLE_EXECUTABLE_FOLDER_PATH)/video_player";
			};
			name = Release;
		};
		28EE880B2C6A9F450084B187 /* Debug */ = {
			isa = XCBuildConfiguration;
			buildSettings = {
				CODE_SIGN_STYLE = Automatic;
				CURRENT_PROJECT_VERSION = 1;
				GENERATE_INFOPLIST_FILE = YES;
				MARKETING_VERSION = 1.0;
				PRODUCT_BUNDLE_IDENTIFIER = "coursera.video-playerUITests";
				PRODUCT_NAME = "$(TARGET_NAME)";
				SWIFT_EMIT_LOC_STRINGS = NO;
				SWIFT_VERSION = 5.0;
				TARGETED_DEVICE_FAMILY = "1,2";
				TEST_TARGET_NAME = video_player;
			};
			name = Debug;
		};
		28EE880C2C6A9F450084B187 /* Release */ = {
			isa = XCBuildConfiguration;
			buildSettings = {
				CODE_SIGN_STYLE = Automatic;
				CURRENT_PROJECT_VERSION = 1;
				GENERATE_INFOPLIST_FILE = YES;
				MARKETING_VERSION = 1.0;
				PRODUCT_BUNDLE_IDENTIFIER = "coursera.video-playerUITests";
				PRODUCT_NAME = "$(TARGET_NAME)";
				SWIFT_EMIT_LOC_STRINGS = NO;
				SWIFT_VERSION = 5.0;
				TARGETED_DEVICE_FAMILY = "1,2";
				TEST_TARGET_NAME = video_player;
			};
			name = Release;
		};
/* End XCBuildConfiguration section */

/* Begin XCConfigurationList section */
		28EE87D32C6A9F440084B187 /* Build configuration list for PBXProject "video_player" */ = {
			isa = XCConfigurationList;
			buildConfigurations = (
				28EE88052C6A9F450084B187 /* Debug */,
				28EE88062C6A9F450084B187 /* Release */,
			);
			defaultConfigurationIsVisible = 0;
			defaultConfigurationName = Release;
		};
		28EE88012C6A9F450084B187 /* Build configuration list for PBXNativeTarget "video_player" */ = {
			isa = XCConfigurationList;
			buildConfigurations = (
				28EE88022C6A9F450084B187 /* Debug */,
				28EE88032C6A9F450084B187 /* Release */,
			);
			defaultConfigurationIsVisible = 0;
			defaultConfigurationName = Release;
		};
		28EE88072C6A9F450084B187 /* Build configuration list for PBXNativeTarget "video_playerTests" */ = {
			isa = XCConfigurationList;
			buildConfigurations = (
				28EE88082C6A9F450084B187 /* Debug */,
				28EE88092C6A9F450084B187 /* Release */,
			);
			defaultConfigurationIsVisible = 0;
			defaultConfigurationName = Release;
		};
		28EE880A2C6A9F450084B187 /* Build configuration list for PBXNativeTarget "video_playerUITests" */ = {
			isa = XCConfigurationList;
			buildConfigurations = (
				28EE880B2C6A9F450084B187 /* Debug */,
				28EE880C2C6A9F450084B187 /* Release */,
			);
			defaultConfigurationIsVisible = 0;
			defaultConfigurationName = Release;
		};
/* End XCConfigurationList section */
	};
	rootObject = 28EE87D02C6A9F440084B187 /* Project object */;
}
